
Microsoft Visual Studio Solution File, Format Version 12.00
# Visual Studio 15
VisualStudioVersion = 15.0.28010.2026
MinimumVisualStudioVersion = 10.0.40219.1
Project("{8BC9CEB8-8B4A-11D0-8D11-00A0C91BC942}") = "encoding", "encoding\encoding.vcxproj", "{27C73011-74FA-420F-9A8E-AC3E1FE92497}"
EndProject
Global
	GlobalSection(SolutionConfigurationPlatforms) = preSolution
		Debug|x64 = Debug|x64
		Debug|x86 = Debug|x86
		Release|x64 = Release|x64
		Release|x86 = Release|x86
	EndGlobalSection
	GlobalSection(ProjectConfigurationPlatforms) = postSolution
		{27C73011-74FA-420F-9A8E-AC3E1FE92497}.Debug|x64.ActiveCfg = Debug|x64
		{27C73011-74FA-420F-9A8E-AC3E1FE92497}.Debug|x64.Build.0 = Debug|x64
		{27C73011-74FA-420F-9A8E-AC3E1FE92497}.Debug|x86.ActiveCfg = Debug|Win32
		{27C73011-74FA-420F-9A8E-AC3E1FE92497}.Debug|x86.Build.0 = Debug|Win32
		{27C73011-74FA-420F-9A8E-AC3E1FE92497}.Release|x64.ActiveCfg = Release|x64
		{27C73011-74FA-420F-9A8E-AC3E1FE92497}.Release|x64.Build.0 = Release|x64
		{27C73011-74FA-420F-9A8E-AC3E1FE92497}.Release|x86.ActiveCfg = Release|Win32
		{27C73011-74FA-420F-9A8E-AC3E1FE92497}.Release|x86.Build.0 = Release|Win32
	EndGlobalSection
	GlobalSection(SolutionProperties) = preSolution
		HideSolutionNode = FALSE
	EndGlobalSection
	GlobalSection(ExtensibilityGlobals) = postSolution
		SolutionGuid = {7E3B86EF-B107-4571-83DA-A244377ADA77}
	EndGlobalSection
EndGlobal
