
Microsoft Visual Studio Solution File, Format Version 12.00
# Visual Studio 15
VisualStudioVersion = 15.0.28010.2026
MinimumVisualStudioVersion = 10.0.40219.1
Project("{8BC9CEB8-8B4A-11D0-8D11-00A0C91BC942}") = "okp2", "okp2\okp2.vcxproj", "{61FCCCC5-33D9-40D7-A49B-119C8B959F24}"
EndProject
Global
	GlobalSection(SolutionConfigurationPlatforms) = preSolution
		Debug|x64 = Debug|x64
		Debug|x86 = Debug|x86
		Release|x64 = Release|x64
		Release|x86 = Release|x86
	EndGlobalSection
	GlobalSection(ProjectConfigurationPlatforms) = postSolution
		{61FCCCC5-33D9-40D7-A49B-119C8B959F24}.Debug|x64.ActiveCfg = Debug|x64
		{61FCCCC5-33D9-40D7-A49B-119C8B959F24}.Debug|x64.Build.0 = Debug|x64
		{61FCCCC5-33D9-40D7-A49B-119C8B959F24}.Debug|x86.ActiveCfg = Debug|Win32
		{61FCCCC5-33D9-40D7-A49B-119C8B959F24}.Debug|x86.Build.0 = Debug|Win32
		{61FCCCC5-33D9-40D7-A49B-119C8B959F24}.Release|x64.ActiveCfg = Release|x64
		{61FCCCC5-33D9-40D7-A49B-119C8B959F24}.Release|x64.Build.0 = Release|x64
		{61FCCCC5-33D9-40D7-A49B-119C8B959F24}.Release|x86.ActiveCfg = Release|Win32
		{61FCCCC5-33D9-40D7-A49B-119C8B959F24}.Release|x86.Build.0 = Release|Win32
	EndGlobalSection
	GlobalSection(SolutionProperties) = preSolution
		HideSolutionNode = FALSE
	EndGlobalSection
	GlobalSection(ExtensibilityGlobals) = postSolution
		SolutionGuid = {120F0DF0-6FB7-4AE2-8D1D-3235FDECB99D}
	EndGlobalSection
EndGlobal
