
Microsoft Visual Studio Solution File, Format Version 12.00
# Visual Studio 15
VisualStudioVersion = 15.0.28010.2026
MinimumVisualStudioVersion = 10.0.40219.1
Project("{8BC9CEB8-8B4A-11D0-8D11-00A0C91BC942}") = "2_Lab4", "2_Lab4\2_Lab4.vcxproj", "{ECD0C788-90CE-429A-B2BF-381E9729CFE8}"
EndProject
Global
	GlobalSection(SolutionConfigurationPlatforms) = preSolution
		Debug|x64 = Debug|x64
		Debug|x86 = Debug|x86
		Release|x64 = Release|x64
		Release|x86 = Release|x86
	EndGlobalSection
	GlobalSection(ProjectConfigurationPlatforms) = postSolution
		{ECD0C788-90CE-429A-B2BF-381E9729CFE8}.Debug|x64.ActiveCfg = Debug|x64
		{ECD0C788-90CE-429A-B2BF-381E9729CFE8}.Debug|x64.Build.0 = Debug|x64
		{ECD0C788-90CE-429A-B2BF-381E9729CFE8}.Debug|x86.ActiveCfg = Debug|Win32
		{ECD0C788-90CE-429A-B2BF-381E9729CFE8}.Debug|x86.Build.0 = Debug|Win32
		{ECD0C788-90CE-429A-B2BF-381E9729CFE8}.Release|x64.ActiveCfg = Release|x64
		{ECD0C788-90CE-429A-B2BF-381E9729CFE8}.Release|x64.Build.0 = Release|x64
		{ECD0C788-90CE-429A-B2BF-381E9729CFE8}.Release|x86.ActiveCfg = Release|Win32
		{ECD0C788-90CE-429A-B2BF-381E9729CFE8}.Release|x86.Build.0 = Release|Win32
	EndGlobalSection
	GlobalSection(SolutionProperties) = preSolution
		HideSolutionNode = FALSE
	EndGlobalSection
	GlobalSection(ExtensibilityGlobals) = postSolution
		SolutionGuid = {D5824F9A-6240-4995-87B9-4B23329D173F}
	EndGlobalSection
EndGlobal
